PODS:
  - Alamofire (4.9.0)
  - BetterSegmentedControl (1.2.1)
  - BoringSSL-GRPC (0.0.3):
    - BoringSSL-GRPC/Implementation (= 0.0.3)
    - BoringSSL-GRPC/Interface (= 0.0.3)
  - BoringSSL-GRPC/Implementation (0.0.3):
    - BoringSSL-GRPC/Interface (= 0.0.3)
  - BoringSSL-GRPC/Interface (0.0.3)
  - CameraKit-iOS (1.2.1)
  - CountdownLabel (4.0.1)
  - CRRefresh (1.1.3)
  - CTKFlagPhoneNumber (0.5.0):
    - libPhoneNumber-iOS
  - DynamicBlurView (4.0.0)
  - FanMenu (0.7.3):
    - Macaw
  - Firebase/Analytics (6.5.0):
    - Firebase/Core
  - Firebase/Auth (6.5.0):
    - Firebase/CoreOnly
    - FirebaseAuth (~> 6.2.1)
  - Firebase/Core (6.5.0):
    - Firebase/CoreOnly
    - FirebaseAnalytics (= 6.0.4)
  - Firebase/CoreOnly (6.5.0):
    - FirebaseCore (= 6.1.0)
  - Firebase/Firestore (6.5.0):
    - Firebase/CoreOnly
    - FirebaseFirestore (~> 1.4.2)
  - Firebase/Functions (6.5.0):
    - Firebase/CoreOnly
    - FirebaseFunctions (~> 2.5.1)
  - Firebase/Messaging (6.5.0):
    - Firebase/CoreOnly
    - FirebaseMessaging (~> 4.1.1)
  - Firebase/Storage (6.5.0):
    - Firebase/CoreOnly
    - FirebaseStorage (~> 3.4.0)
  - FirebaseAnalytics (6.0.4):
    - FirebaseCore (~> 6.1)
    - FirebaseInstanceID (~> 4.2)
    - GoogleAppMeasurement (= 6.0.4)
    - GoogleUtilities/AppDelegateSwizzler (~> 6.0)
    - GoogleUtilities/MethodSwizzler (~> 6.0)
    - GoogleUtilities/Network (~> 6.0)
    - "GoogleUtilities/NSData+zlib (~> 6.0)"
    - nanopb (~> 0.3)
  - FirebaseAnalyticsInterop (1.4.0)
  - FirebaseAuth (6.2.1):
    - FirebaseAuthInterop (~> 1.0)
    - FirebaseCore (~> 6.0)
    - GoogleUtilities/AppDelegateSwizzler (~> 6.2)
    - GoogleUtilities/Environment (~> 6.2)
    - GTMSessionFetcher/Core (~> 1.1)
  - FirebaseAuthInterop (1.0.0)
  - FirebaseCore (6.1.0):
    - GoogleUtilities/Environment (~> 6.0)
    - GoogleUtilities/Logger (~> 6.0)
  - FirebaseFirestore (1.4.2):
    - FirebaseAuthInterop (~> 1.0)
    - FirebaseCore (~> 6.0)
    - FirebaseFirestore/abseil-cpp (= 1.4.2)
    - "gRPC-C++ (= 0.0.9)"
    - leveldb-library (~> 1.20)
    - nanopb (~> 0.3.901)
    - Protobuf (~> 3.1)
  - FirebaseFirestore/abseil-cpp (1.4.2):
    - FirebaseAuthInterop (~> 1.0)
    - FirebaseCore (~> 6.0)
    - "gRPC-C++ (= 0.0.9)"
    - leveldb-library (~> 1.20)
    - nanopb (~> 0.3.901)
    - Protobuf (~> 3.1)
  - FirebaseFunctions (2.5.1):
    - FirebaseAuthInterop (~> 1.0)
    - FirebaseCore (~> 6.0)
    - GTMSessionFetcher/Core (~> 1.1)
  - FirebaseInstanceID (4.2.7):
    - FirebaseCore (~> 6.0)
    - GoogleUtilities/Environment (~> 6.0)
    - GoogleUtilities/UserDefaults (~> 6.0)
  - FirebaseMessaging (4.1.1):
    - FirebaseAnalyticsInterop (~> 1.1)
    - FirebaseCore (~> 6.0)
    - FirebaseInstanceID (~> 4.1)
    - GoogleUtilities/AppDelegateSwizzler (~> 6.2)
    - GoogleUtilities/Environment (~> 6.2)
    - GoogleUtilities/Reachability (~> 6.2)
    - GoogleUtilities/UserDefaults (~> 6.2)
    - Protobuf (~> 3.1)
  - FirebaseStorage (3.4.3):
    - FirebaseAuthInterop (~> 1.0)
    - FirebaseCore (~> 6.0)
    - GTMSessionFetcher/Core (~> 1.1)
  - FloatingPanel (1.7.0)
  - GoogleAppMeasurement (6.0.4):
    - GoogleUtilities/AppDelegateSwizzler (~> 6.0)
    - GoogleUtilities/MethodSwizzler (~> 6.0)
    - GoogleUtilities/Network (~> 6.0)
    - "GoogleUtilities/NSData+zlib (~> 6.0)"
    - nanopb (~> 0.3)
  - GoogleUtilities/AppDelegateSwizzler (6.4.0):
    - GoogleUtilities/Environment
    - GoogleUtilities/Logger
    - GoogleUtilities/Network
  - GoogleUtilities/Environment (6.4.0)
  - GoogleUtilities/Logger (6.4.0):
    - GoogleUtilities/Environment
  - GoogleUtilities/MethodSwizzler (6.4.0):
    - GoogleUtilities/Logger
  - GoogleUtilities/Network (6.4.0):
    - GoogleUtilities/Logger
    - "GoogleUtilities/NSData+zlib"
    - GoogleUtilities/Reachability
  - "GoogleUtilities/NSData+zlib (6.4.0)"
  - GoogleUtilities/Reachability (6.4.0):
    - GoogleUtilities/Logger
  - GoogleUtilities/UserDefaults (6.4.0):
    - GoogleUtilities/Logger
  - "gRPC-C++ (0.0.9)":
    - "gRPC-C++/Implementation (= 0.0.9)"
    - "gRPC-C++/Interface (= 0.0.9)"
  - "gRPC-C++/Implementation (0.0.9)":
    - "gRPC-C++/Interface (= 0.0.9)"
    - gRPC-Core (= 1.21.0)
    - nanopb (~> 0.3)
  - "gRPC-C++/Interface (0.0.9)"
  - gRPC-Core (1.21.0):
    - gRPC-Core/Implementation (= 1.21.0)
    - gRPC-Core/Interface (= 1.21.0)
  - gRPC-Core/Implementation (1.21.0):
    - BoringSSL-GRPC (= 0.0.3)
    - gRPC-Core/Interface (= 1.21.0)
    - nanopb (~> 0.3)
  - gRPC-Core/Interface (1.21.0)
  - GTMSessionFetcher/Core (1.3.0)
  - InfiniteCarouselCollectionView (0.1.1)
  - iOSPhotoEditor (1.0.0)
  - IQKeyboardManager (6.5.0)
  - Kingfisher (5.8.2):
    - Kingfisher/Core (= 5.8.2)
  - Kingfisher/Core (5.8.2)
  - KKPinCodeTextField (1.0.0)
  - leveldb-library (1.22)
  - libPhoneNumber-iOS (0.9.15)
  - lottie-ios (3.1.5)
  - Macaw (0.9.5):
    - SWXMLHash
  - MBRadioCheckboxButton (2.0)
  - nanopb (0.3.9011):
    - nanopb/decode (= 0.3.9011)
    - nanopb/encode (= 0.3.9011)
  - nanopb/decode (0.3.9011)
  - nanopb/encode (0.3.9011)
  - PopupDialog (1.1.1):
    - DynamicBlurView (~> 4.0)
  - Protobuf (3.11.2)
  - SHSearchBar (1.7.0)
  - SkyFloatingLabelTextField (3.7.0)
  - SwiftyStoreKit (0.15.0)
  - SwipeMenuViewController (4.0.0)
  - SWXMLHash (5.0.1)
  - UICircularProgressRing (6.3.0)
  - UIEmptyState (4.0.1)

DEPENDENCIES:
  - Alamofire
  - BetterSegmentedControl (~> 1.0)
  - CameraKit-iOS
  - CountdownLabel
  - CRRefresh
  - CTKFlagPhoneNumber (from `https://github.com/justColbs/CTKFlagPhoneNumber`)
  - FanMenu
  - Firebase/Analytics
  - Firebase/Auth
  - Firebase/Core
  - Firebase/Firestore (~> 6.5.0)
  - Firebase/Functions
  - Firebase/Messaging
  - Firebase/Storage
  - FloatingPanel
  - InfiniteCarouselCollectionView
  - iOSPhotoEditor
  - IQKeyboardManager
  - Kingfisher (~> 5.0)
  - KKPinCodeTextField
  - lottie-ios
  - MBRadioCheckboxButton
  - PopupDialog
  - SHSearchBar
  - SkyFloatingLabelTextField (~> 3.0)
  - SwiftyStoreKit
  - SwipeMenuViewController
  - UICircularProgressRing
  - UIEmptyState

SPEC REPOS:
  trunk:
    - Alamofire
    - BetterSegmentedControl
    - BoringSSL-GRPC
    - CameraKit-iOS
    - CountdownLabel
    - CRRefresh
    - DynamicBlurView
    - FanMenu
    - Firebase
    - FirebaseAnalytics
    - FirebaseAnalyticsInterop
    - FirebaseAuth
    - FirebaseAuthInterop
    - FirebaseCore
    - FirebaseFirestore
    - FirebaseFunctions
    - FirebaseInstanceID
    - FirebaseMessaging
    - FirebaseStorage
    - FloatingPanel
    - GoogleAppMeasurement
    - GoogleUtilities
    - "gRPC-C++"
    - gRPC-Core
    - GTMSessionFetcher
    - InfiniteCarouselCollectionView
    - iOSPhotoEditor
    - IQKeyboardManager
    - Kingfisher
    - KKPinCodeTextField
    - leveldb-library
    - libPhoneNumber-iOS
    - lottie-ios
    - Macaw
    - MBRadioCheckboxButton
    - nanopb
    - PopupDialog
    - Protobuf
    - SHSearchBar
    - SkyFloatingLabelTextField
    - SwiftyStoreKit
    - SwipeMenuViewController
    - SWXMLHash
    - UICircularProgressRing
    - UIEmptyState

EXTERNAL SOURCES:
  CTKFlagPhoneNumber:
    :git: https://github.com/justColbs/CTKFlagPhoneNumber

CHECKOUT OPTIONS:
  CTKFlagPhoneNumber:
    :commit: 4ae3837dcbdb356c789115f01c4afc9853592142
    :git: https://github.com/justColbs/CTKFlagPhoneNumber

SPEC CHECKSUMS:
  Alamofire: afc3e7c6db61476cb45cdd23fed06bad03bbc321
  BetterSegmentedControl: b27bddbdff29b6cae988678d6cd106858986cd03
  BoringSSL-GRPC: db8764df3204ccea016e1c8dd15d9a9ad63ff318
  CameraKit-iOS: 7a8aeb4b6ac93c59088ada934efb6010ed2394c1
  CountdownLabel: c9975e3f329140b5e7d1f45cd63b1300badd1712
  CRRefresh: 1415d4ae06837fa7bb064c44f2e102f3ef517044
  CTKFlagPhoneNumber: 6c00bfb94d8517cefee96537a376470376a20321
  DynamicBlurView: ccf9acd2b20c883cc2c72e3524a04d8d3ee20533
  FanMenu: 44d06d35b0382daf6b6aaf78b57a7b9693fbb6e7
  Firebase: dedc9e48ea3f3649ad5f6b982f8a0c73508a14b5
  FirebaseAnalytics: 3fb375bc9d13779add4039716f868d233a473fad
  FirebaseAnalyticsInterop: d48b6ab67bcf016a05e55b71fc39c61c0cb6b7f3
  FirebaseAuth: a06ad63e9bf4c86165b54cceb1c14d4f4c38d419
  FirebaseAuthInterop: 0ffa57668be100582bb7643d4fcb7615496c41fc
  FirebaseCore: aecf02fb2274ec361b9bebeac112f5daa18273bd
  FirebaseFirestore: 41a035642eb017fc7206318985501626993840bd
  FirebaseFunctions: 5af7c35d1c5e41608fecbb667eb6c4e672e318d0
  FirebaseInstanceID: ebd2ea79ee38db0cb5f5167b17a0d387e1cc7b6e
  FirebaseMessaging: 6bb0bdaf64c55fef7a219b7bb1e94e94a0855ced
  FirebaseStorage: 93fe2f8190a01bfb2b2c4932df7d679744c4ef1d
  FloatingPanel: f686602da8eff56375e577f19be37348a95f4e24
  GoogleAppMeasurement: 183bd916af7f80deb67c01888368f1108d641832
  GoogleUtilities: 29bd0d8f850efbd28cff6d99e8b7da1f8d236bcf
  "gRPC-C++": 9dfe7b44821e7b3e44aacad2af29d2c21f7cde83
  gRPC-Core: c9aef9a261a1247e881b18059b84d597293c9947
  GTMSessionFetcher: 43b8b64263023d4f32caa0b40f4c8bfa3c5f36d8
  InfiniteCarouselCollectionView: b2467cf428e172cb5876faa148c3c7a1a31ac71b
  iOSPhotoEditor: 2951f35246a31dcb428b6292248a9c065582d03e
  IQKeyboardManager: 700e5155d6a292383b54e8678aec769e14fc78fc
  Kingfisher: 3adc15096595f5aed800bb0d5cb757fc58b2d2dd
  KKPinCodeTextField: 63a1fb841fd6a412cf664ef64dc065fc6767bd3c
  leveldb-library: 55d93ee664b4007aac644a782d11da33fba316f7
  libPhoneNumber-iOS: 0a32a9525cf8744fe02c5206eb30d571e38f7d75
  lottie-ios: 32bf84389337d86fbc8b12266e88452e0abf1dee
  Macaw: 10bf9e327cb75f24e3225d5229a80ed544df85f0
  MBRadioCheckboxButton: 6e2a2cdc441e292e45b64c4e65eb8fc1fc05eef2
  nanopb: 18003b5e52dab79db540fe93fe9579f399bd1ccd
  PopupDialog: 720c92befd8bc23c13442254945213db5612f149
  Protobuf: dd1aaea7140debfe4dd0683fb8ef208e527ae153
  SHSearchBar: 9fcc9daff8a3264386b975961de6c485f33439d4
  SkyFloatingLabelTextField: 4b46db0ab1ccde0919cded29c656e6b4805eda04
  SwiftyStoreKit: 033d06b6f87955405d3f844a18a7687c2438592a
  SwipeMenuViewController: c2c1f9b62022ce6b904b2553f0fa340c9008becd
  SWXMLHash: 9cc0c2e4807926c74377724aa8722ee5707a0485
  UICircularProgressRing: e700fb0505328e88ee53c4ed92bee6d1a5b8bbe3
  UIEmptyState: 767376694d9402452fb3c0a5a5283176c6a53c92

PODFILE CHECKSUM: 7d903e87ac838c00f9b537b039fe72664e3e025a

COCOAPODS: 1.8.4
