// !$*UTF8*$!
{
	archiveVersion = 1;
	classes = {
	};
	objectVersion = 51;
	objects = {

/* Begin PBXBuildFile section */
		68293A8323F30C1500A0D754 /* ChainCache.swift in Sources */ = {isa = PBXBuildFile; fileRef = 68293A8223F30C1500A0D754 /* ChainCache.swift */; };
		6848594423D62FC700AFEB7C /* ChainFriend.swift in Sources */ = {isa = PBXBuildFile; fileRef = 6848594323D62FC700AFEB7C /* ChainFriend.swift */; };
		6848594823D65C4200AFEB7C /* ChangePasswordViewController.swift in Sources */ = {isa = PBXBuildFile; fileRef = 6848594623D65C4200AFEB7C /* ChangePasswordViewController.swift */; };
		6848594923D65C4200AFEB7C /* ChangePasswordViewController.xib in Resources */ = {isa = PBXBuildFile; fileRef = 6848594723D65C4200AFEB7C /* ChangePasswordViewController.xib */; };
		686B15A423D8E58000FB31DC /* CurrentUserProfileViewController.swift in Sources */ = {isa = PBXBuildFile; fileRef = 686B15A223D8E58000FB31DC /* CurrentUserProfileViewController.swift */; };
		686B15A523D8E58000FB31DC /* CurrentUserProfileViewController.xib in Resources */ = {isa = PBXBuildFile; fileRef = 686B15A323D8E58000FB31DC /* CurrentUserProfileViewController.xib */; };
		686B15A823D8EB6500FB31DC /* EditProfileViewController.swift in Sources */ = {isa = PBXBuildFile; fileRef = 686B15A623D8EB6500FB31DC /* EditProfileViewController.swift */; };
		686B15A923D8EB6500FB31DC /* EditProfileViewController.xib in Resources */ = {isa = PBXBuildFile; fileRef = 686B15A723D8EB6500FB31DC /* EditProfileViewController.xib */; };
		686B15AE23DB75D500FB31DC /* FriendsViewController.swift in Sources */ = {isa = PBXBuildFile; fileRef = 686B15AC23DB75D500FB31DC /* FriendsViewController.swift */; };
		686B15AF23DB75D500FB31DC /* FriendsViewController.xib in Resources */ = {isa = PBXBuildFile; fileRef = 686B15AD23DB75D500FB31DC /* FriendsViewController.xib */; };
		686B15B623DB846A00FB31DC /* FriendTableViewCell.swift in Sources */ = {isa = PBXBuildFile; fileRef = 686B15B423DB846A00FB31DC /* FriendTableViewCell.swift */; };
		686B15B723DB846A00FB31DC /* FriendTableViewCell.xib in Resources */ = {isa = PBXBuildFile; fileRef = 686B15B523DB846A00FB31DC /* FriendTableViewCell.xib */; };
		6878BBA423C7957200C75B2E /* UserMenuCell.swift in Sources */ = {isa = PBXBuildFile; fileRef = 6878BBA323C7957200C75B2E /* UserMenuCell.swift */; };
		6878BBA623C8FD5200C75B2E /* UserMenuTableViewController.swift in Sources */ = {isa = PBXBuildFile; fileRef = 6878BBA523C8FD5200C75B2E /* UserMenuTableViewController.swift */; };
		68813EDC23E0B8100057F7AA /* SearchFunction.swift in Sources */ = {isa = PBXBuildFile; fileRef = 68813EDB23E0B8100057F7AA /* SearchFunction.swift */; };
		6892BD5723CFAC850021A3E2 /* ProfileViewController.swift in Sources */ = {isa = PBXBuildFile; fileRef = 6892BD5523CFAC850021A3E2 /* ProfileViewController.swift */; };
		6892BD5823CFAC850021A3E2 /* ProfileViewController.xib in Resources */ = {isa = PBXBuildFile; fileRef = 6892BD5623CFAC850021A3E2 /* ProfileViewController.xib */; };
		6892BD5B23CFB18F0021A3E2 /* ChainsCollectionViewCell.swift in Sources */ = {isa = PBXBuildFile; fileRef = 6892BD5923CFB18F0021A3E2 /* ChainsCollectionViewCell.swift */; };
		6892BD5C23CFB18F0021A3E2 /* ChainsCollectionViewCell.xib in Resources */ = {isa = PBXBuildFile; fileRef = 6892BD5A23CFB18F0021A3E2 /* ChainsCollectionViewCell.xib */; };
		6892BD6223D23AF30021A3E2 /* VerifyNumberViewController.swift in Sources */ = {isa = PBXBuildFile; fileRef = 6892BD6023D23AF30021A3E2 /* VerifyNumberViewController.swift */; };
		6892BD6323D23AF30021A3E2 /* VerifyNumberViewController.xib in Resources */ = {isa = PBXBuildFile; fileRef = 6892BD6123D23AF30021A3E2 /* VerifyNumberViewController.xib */; };
		6892BD6B23D3AB120021A3E2 /* AdditionalInfoViewController.swift in Sources */ = {isa = PBXBuildFile; fileRef = 6892BD6923D3AB120021A3E2 /* AdditionalInfoViewController.swift */; };
		6892BD6C23D3AB120021A3E2 /* AdditionalInfoViewController.xib in Resources */ = {isa = PBXBuildFile; fileRef = 6892BD6A23D3AB120021A3E2 /* AdditionalInfoViewController.xib */; };
		689E93D123DE125300EED90F /* InvitesViewController.swift in Sources */ = {isa = PBXBuildFile; fileRef = 689E93CF23DE125300EED90F /* InvitesViewController.swift */; };
		689E93D223DE125300EED90F /* InvitesViewController.xib in Resources */ = {isa = PBXBuildFile; fileRef = 689E93D023DE125300EED90F /* InvitesViewController.xib */; };
		689E93D523DE136B00EED90F /* InviteTableViewCell.swift in Sources */ = {isa = PBXBuildFile; fileRef = 689E93D323DE136B00EED90F /* InviteTableViewCell.swift */; };
		689E93D623DE136B00EED90F /* InviteTableViewCell.xib in Resources */ = {isa = PBXBuildFile; fileRef = 689E93D423DE136B00EED90F /* InviteTableViewCell.xib */; };
		68BDBD3A241ACE3700613A93 /* UIViewExtensions.swift in Sources */ = {isa = PBXBuildFile; fileRef = 68BDBD39241ACE3700613A93 /* UIViewExtensions.swift */; };
		68BDBD3E242094BE00613A93 /* SearchUsersViewController.swift in Sources */ = {isa = PBXBuildFile; fileRef = 68BDBD3C242094BE00613A93 /* SearchUsersViewController.swift */; };
		68BDBD3F242094BE00613A93 /* SearchUsersViewController.xib in Resources */ = {isa = PBXBuildFile; fileRef = 68BDBD3D242094BE00613A93 /* SearchUsersViewController.xib */; };
		68BDBD41242422AD00613A93 /* UserMenuSupportingFunctions.swift in Sources */ = {isa = PBXBuildFile; fileRef = 68BDBD40242422AD00613A93 /* UserMenuSupportingFunctions.swift */; };
		68CE9B8C2391002E00E8483D /* Invite.swift in Sources */ = {isa = PBXBuildFile; fileRef = 68CE9B8B2391002E00E8483D /* Invite.swift */; };
		68D18EA0242D845B00C6244A /* GlobalChainsCollectionViewCell.swift in Sources */ = {isa = PBXBuildFile; fileRef = 68D18E9F242D845B00C6244A /* GlobalChainsCollectionViewCell.swift */; };
		68F92F27238F820E000F05AA /* GeoFirestoreExtensions.swift in Sources */ = {isa = PBXBuildFile; fileRef = 68F92F26238F820E000F05AA /* GeoFirestoreExtensions.swift */; };
		68F92F29238F82F2000F05AA /* CLLocationManagerExtensions.swift in Sources */ = {isa = PBXBuildFile; fileRef = 68F92F28238F82F2000F05AA /* CLLocationManagerExtensions.swift */; };
		F8FA2FF7022E9567DE476E44 /* Pods_Chain.framework in Frameworks */ = {isa = PBXBuildFile; fileRef = D598370E0D7CDF870307C38C /* Pods_Chain.framework */; };
		FA06BC6823CF776B002055AD /* ChainBreakLoader.xib in Resources */ = {isa = PBXBuildFile; fileRef = FA06BC6723CF776B002055AD /* ChainBreakLoader.xib */; };
		FA06BC6A23CF9411002055AD /* CameraViewPhotos.swift in Sources */ = {isa = PBXBuildFile; fileRef = FA06BC6923CF9411002055AD /* CameraViewPhotos.swift */; };
		FA63C87D238DE92B00B30312 /* PostChain.swift in Sources */ = {isa = PBXBuildFile; fileRef = FA63C87C238DE92B00B30312 /* PostChain.swift */; };
		FA63C87E238DEF1800B30312 /* ChainImage.swift in Sources */ = {isa = PBXBuildFile; fileRef = 68A5D38B238DD9E500AD4DC8 /* ChainImage.swift */; };
		FA63C87F238DEF1D00B30312 /* ChainFireStore.swift in Sources */ = {isa = PBXBuildFile; fileRef = 68A5D389238DD98800AD4DC8 /* ChainFireStore.swift */; };
		FA63C882238DF4CB00B30312 /* ChainAuth.swift in Sources */ = {isa = PBXBuildFile; fileRef = FA63C881238DF4CB00B30312 /* ChainAuth.swift */; };
		FA63C884238DF4D800B30312 /* ChainUser.swift in Sources */ = {isa = PBXBuildFile; fileRef = FA63C883238DF4D800B30312 /* ChainUser.swift */; };
		FA63C886238E07A400B30312 /* MainTableView.swift in Sources */ = {isa = PBXBuildFile; fileRef = FA63C885238E07A400B30312 /* MainTableView.swift */; };
		FA63C888238E084200B30312 /* MainCell.swift in Sources */ = {isa = PBXBuildFile; fileRef = FA63C887238E084200B30312 /* MainCell.swift */; };
		FA6D483F2425A94300EEC8E8 /* UserHeaderView.xib in Resources */ = {isa = PBXBuildFile; fileRef = FA6D483E2425A94300EEC8E8 /* UserHeaderView.xib */; };
		FA6D48412425A94F00EEC8E8 /* UserHeaderView.swift in Sources */ = {isa = PBXBuildFile; fileRef = FA6D48402425A94F00EEC8E8 /* UserHeaderView.swift */; };
		FA6D48432425C6F100EEC8E8 /* ExploreHeaderReusableView.swift in Sources */ = {isa = PBXBuildFile; fileRef = FA6D48422425C6F100EEC8E8 /* ExploreHeaderReusableView.swift */; };
		FA6D484A2427E6D400EEC8E8 /* DoubleCollectionViewCell.swift in Sources */ = {isa = PBXBuildFile; fileRef = FA6D48492427E6D400EEC8E8 /* DoubleCollectionViewCell.swift */; };
		FA6D484D2427F88A00EEC8E8 /* ChainProfileViewController.swift in Sources */ = {isa = PBXBuildFile; fileRef = FA6D484C2427F88A00EEC8E8 /* ChainProfileViewController.swift */; };
		FA6D484F2427F96500EEC8E8 /* ChainProfileCollectionView.swift in Sources */ = {isa = PBXBuildFile; fileRef = FA6D484E2427F96500EEC8E8 /* ChainProfileCollectionView.swift */; };
		FA6D48512427FCF600EEC8E8 /* ChainCollectionViewCell.swift in Sources */ = {isa = PBXBuildFile; fileRef = FA6D48502427FCF600EEC8E8 /* ChainCollectionViewCell.swift */; };
		FA6ED2FE242557F800F3F30E /* FluffLoadingColored.json in Resources */ = {isa = PBXBuildFile; fileRef = FA6ED2FC242557F800F3F30E /* FluffLoadingColored.json */; };
		FA6ED2FF242557F800F3F30E /* FluffLoading.json in Resources */ = {isa = PBXBuildFile; fileRef = FA6ED2FD242557F800F3F30E /* FluffLoading.json */; };
		FA7E366B238DB12A00488000 /* AppDelegate.swift in Sources */ = {isa = PBXBuildFile; fileRef = FA7E366A238DB12A00488000 /* AppDelegate.swift */; };
		FA7E366F238DB12A00488000 /* ChainViewController.swift in Sources */ = {isa = PBXBuildFile; fileRef = FA7E366E238DB12A00488000 /* ChainViewController.swift */; };
		FA7E3672238DB12A00488000 /* Main.storyboard in Resources */ = {isa = PBXBuildFile; fileRef = FA7E3670238DB12A00488000 /* Main.storyboard */; };
		FA7E3674238DB12C00488000 /* Assets.xcassets in Resources */ = {isa = PBXBuildFile; fileRef = FA7E3673238DB12C00488000 /* Assets.xcassets */; };
		FA7E3677238DB12C00488000 /* LaunchScreen.storyboard in Resources */ = {isa = PBXBuildFile; fileRef = FA7E3675238DB12C00488000 /* LaunchScreen.storyboard */; };
		FA7E36A4238DBB7600488000 /* enums.swift in Sources */ = {isa = PBXBuildFile; fileRef = FA7E36A3238DBB7600488000 /* enums.swift */; };
		FA7E36AA238DCD3B00488000 /* SignInViewController.swift in Sources */ = {isa = PBXBuildFile; fileRef = FA7E36A8238DCD3B00488000 /* SignInViewController.swift */; };
		FA7E36AB238DCD3B00488000 /* SignInViewController.xib in Resources */ = {isa = PBXBuildFile; fileRef = FA7E36A9238DCD3B00488000 /* SignInViewController.xib */; };
		FA7E36B0238DCD5C00488000 /* SignUpViewController.swift in Sources */ = {isa = PBXBuildFile; fileRef = FA7E36AE238DCD5C00488000 /* SignUpViewController.swift */; };
		FA7E36B1238DCD5C00488000 /* SignUpViewController.xib in Resources */ = {isa = PBXBuildFile; fileRef = FA7E36AF238DCD5C00488000 /* SignUpViewController.xib */; };
		FA7E36B6238DD20400488000 /* CameraViewController.swift in Sources */ = {isa = PBXBuildFile; fileRef = FA7E36B4238DD20400488000 /* CameraViewController.swift */; };
		FA7E36B7238DD20400488000 /* CameraViewController.xib in Resources */ = {isa = PBXBuildFile; fileRef = FA7E36B5238DD20400488000 /* CameraViewController.xib */; };
		FA7E36B9238DD55800488000 /* FirstViewController.swift in Sources */ = {isa = PBXBuildFile; fileRef = FA7E36B8238DD55800488000 /* FirstViewController.swift */; };
		FA7E36BB238DDDB100488000 /* SceneDelegate.swift in Sources */ = {isa = PBXBuildFile; fileRef = FA7E36BA238DDDB100488000 /* SceneDelegate.swift */; };
		FA867FDD23CEC44A00B638F8 /* ChainBreak.json in Resources */ = {isa = PBXBuildFile; fileRef = FA867FDC23CEC44A00B638F8 /* ChainBreak.json */; };
		FA867FDF23CEC4D100B638F8 /* ChainBreakLoader.swift in Sources */ = {isa = PBXBuildFile; fileRef = FA867FDE23CEC4D100B638F8 /* ChainBreakLoader.swift */; };
		FA9C5B4123C553C500F1B41A /* DecodableObject.swift in Sources */ = {isa = PBXBuildFile; fileRef = FA9C5B3823C553C500F1B41A /* DecodableObject.swift */; };
		FA9C5B4223C553C500F1B41A /* ChristiansLibrary.swift in Sources */ = {isa = PBXBuildFile; fileRef = FA9C5B3923C553C500F1B41A /* ChristiansLibrary.swift */; };
		FA9C5B4323C553C500F1B41A /* BeautifulLoadScreen.swift in Sources */ = {isa = PBXBuildFile; fileRef = FA9C5B3A23C553C500F1B41A /* BeautifulLoadScreen.swift */; };
		FA9C5B4423C553C500F1B41A /* ChristiansFirebase.swift in Sources */ = {isa = PBXBuildFile; fileRef = FA9C5B3B23C553C500F1B41A /* ChristiansFirebase.swift */; };
		FA9C5B4523C553C500F1B41A /* EmptyTableView.swift in Sources */ = {isa = PBXBuildFile; fileRef = FA9C5B3C23C553C500F1B41A /* EmptyTableView.swift */; };
		FA9C5B4623C553C500F1B41A /* CustomSpinner.swift in Sources */ = {isa = PBXBuildFile; fileRef = FA9C5B3D23C553C500F1B41A /* CustomSpinner.swift */; };
		FA9C5B4723C553C500F1B41A /* MemoryHelp.swift in Sources */ = {isa = PBXBuildFile; fileRef = FA9C5B3E23C553C500F1B41A /* MemoryHelp.swift */; };
		FA9C5B4823C553C500F1B41A /* GlobalAttributes.swift in Sources */ = {isa = PBXBuildFile; fileRef = FA9C5B3F23C553C500F1B41A /* GlobalAttributes.swift */; };
		FA9C5B4923C553C500F1B41A /* LoadingView.swift in Sources */ = {isa = PBXBuildFile; fileRef = FA9C5B4023C553C500F1B41A /* LoadingView.swift */; };
		FA9C5B4D23C5547B00F1B41A /* NewChainViewController.swift in Sources */ = {isa = PBXBuildFile; fileRef = FA9C5B4A23C5547B00F1B41A /* NewChainViewController.swift */; };
		FA9C5B4E23C5547B00F1B41A /* NewChainAnimators.swift in Sources */ = {isa = PBXBuildFile; fileRef = FA9C5B4B23C5547B00F1B41A /* NewChainAnimators.swift */; };
		FA9C5B4F23C5547B00F1B41A /* NewChainViewController.xib in Resources */ = {isa = PBXBuildFile; fileRef = FA9C5B4C23C5547B00F1B41A /* NewChainViewController.xib */; };
		FA9C5B5123C554B900F1B41A /* PanGestureExtensions.swift in Sources */ = {isa = PBXBuildFile; fileRef = FA9C5B5023C554B900F1B41A /* PanGestureExtensions.swift */; };
		FA9C5B5423C5793600F1B41A /* uglyChain.json in Resources */ = {isa = PBXBuildFile; fileRef = FA9C5B5323C5793600F1B41A /* uglyChain.json */; };
		FA9C5BC823C648A000F1B41A /* ChainViewHelpers.swift in Sources */ = {isa = PBXBuildFile; fileRef = FA9C5BC723C648A000F1B41A /* ChainViewHelpers.swift */; };
		FA9CB63823EE661E00D43F04 /* GoogleService-Info.plist in Resources */ = {isa = PBXBuildFile; fileRef = FA9CB63723EE661E00D43F04 /* GoogleService-Info.plist */; };
		FAAF0A3823C1911800838B0E /* ExploreViewController.swift in Sources */ = {isa = PBXBuildFile; fileRef = FAAF0A3723C1911800838B0E /* ExploreViewController.swift */; };
		FAAF0A3A23C1913200838B0E /* ExplorePageCell.swift in Sources */ = {isa = PBXBuildFile; fileRef = FAAF0A3923C1913200838B0E /* ExplorePageCell.swift */; };
		FAAF0A3C23C192DC00838B0E /* ExplorePageFireFuncs.swift in Sources */ = {isa = PBXBuildFile; fileRef = FAAF0A3B23C192DC00838B0E /* ExplorePageFireFuncs.swift */; };
		FAAF0A3E23C1960600838B0E /* ExplorePageCollectionView.swift in Sources */ = {isa = PBXBuildFile; fileRef = FAAF0A3D23C1960600838B0E /* ExplorePageCollectionView.swift */; };
		FAAF0A4023C198D400838B0E /* DateExtensions.swift in Sources */ = {isa = PBXBuildFile; fileRef = FAAF0A3F23C198D400838B0E /* DateExtensions.swift */; };
/* End PBXBuildFile section */

/* Begin PBXFileReference section */
		2C5C4C2DF714C599B79C18A3 /* Pods-Chain.debug.xcconfig */ = {isa = PBXFileReference; includeInIndex = 1; lastKnownFileType = text.xcconfig; name = "Pods-Chain.debug.xcconfig"; path = "Target Support Files/Pods-Chain/Pods-Chain.debug.xcconfig"; sourceTree = "<group>"; };
		68293A8223F30C1500A0D754 /* ChainCache.swift */ = {isa = PBXFileReference; lastKnownFileType = sourcecode.swift; path = ChainCache.swift; sourceTree = "<group>"; };
		6848594323D62FC700AFEB7C /* ChainFriend.swift */ = {isa = PBXFileReference; lastKnownFileType = sourcecode.swift; path = ChainFriend.swift; sourceTree = "<group>"; };
		6848594623D65C4200AFEB7C /* ChangePasswordViewController.swift */ = {isa = PBXFileReference; lastKnownFileType = sourcecode.swift; path = ChangePasswordViewController.swift; sourceTree = "<group>"; };
		6848594723D65C4200AFEB7C /* ChangePasswordViewController.xib */ = {isa = PBXFileReference; lastKnownFileType = file.xib; path = ChangePasswordViewController.xib; sourceTree = "<group>"; };
		68676B9E23AEB29D00DAD539 /* Chain.entitlements */ = {isa = PBXFileReference; lastKnownFileType = text.plist.entitlements; path = Chain.entitlements; sourceTree = "<group>"; };
		686B15A223D8E58000FB31DC /* CurrentUserProfileViewController.swift */ = {isa = PBXFileReference; lastKnownFileType = sourcecode.swift; path = CurrentUserProfileViewController.swift; sourceTree = "<group>"; };
		686B15A323D8E58000FB31DC /* CurrentUserProfileViewController.xib */ = {isa = PBXFileReference; lastKnownFileType = file.xib; path = CurrentUserProfileViewController.xib; sourceTree = "<group>"; };
		686B15A623D8EB6500FB31DC /* EditProfileViewController.swift */ = {isa = PBXFileReference; lastKnownFileType = sourcecode.swift; path = EditProfileViewController.swift; sourceTree = "<group>"; };
		686B15A723D8EB6500FB31DC /* EditProfileViewController.xib */ = {isa = PBXFileReference; lastKnownFileType = file.xib; path = EditProfileViewController.xib; sourceTree = "<group>"; };
		686B15AC23DB75D500FB31DC /* FriendsViewController.swift */ = {isa = PBXFileReference; lastKnownFileType = sourcecode.swift; path = FriendsViewController.swift; sourceTree = "<group>"; };
		686B15AD23DB75D500FB31DC /* FriendsViewController.xib */ = {isa = PBXFileReference; lastKnownFileType = file.xib; path = FriendsViewController.xib; sourceTree = "<group>"; };
		686B15B423DB846A00FB31DC /* FriendTableViewCell.swift */ = {isa = PBXFileReference; lastKnownFileType = sourcecode.swift; path = FriendTableViewCell.swift; sourceTree = "<group>"; };
		686B15B523DB846A00FB31DC /* FriendTableViewCell.xib */ = {isa = PBXFileReference; lastKnownFileType = file.xib; path = FriendTableViewCell.xib; sourceTree = "<group>"; };
		6878BBA323C7957200C75B2E /* UserMenuCell.swift */ = {isa = PBXFileReference; fileEncoding = 4; lastKnownFileType = sourcecode.swift; path = UserMenuCell.swift; sourceTree = "<group>"; };
		6878BBA523C8FD5200C75B2E /* UserMenuTableViewController.swift */ = {isa = PBXFileReference; lastKnownFileType = sourcecode.swift; path = UserMenuTableViewController.swift; sourceTree = "<group>"; };
		68813EDB23E0B8100057F7AA /* SearchFunction.swift */ = {isa = PBXFileReference; lastKnownFileType = sourcecode.swift; path = SearchFunction.swift; sourceTree = "<group>"; };
		6892BD5523CFAC850021A3E2 /* ProfileViewController.swift */ = {isa = PBXFileReference; lastKnownFileType = sourcecode.swift; path = ProfileViewController.swift; sourceTree = "<group>"; };
		6892BD5623CFAC850021A3E2 /* ProfileViewController.xib */ = {isa = PBXFileReference; lastKnownFileType = file.xib; path = ProfileViewController.xib; sourceTree = "<group>"; };
		6892BD5923CFB18F0021A3E2 /* ChainsCollectionViewCell.swift */ = {isa = PBXFileReference; lastKnownFileType = sourcecode.swift; path = ChainsCollectionViewCell.swift; sourceTree = "<group>"; };
		6892BD5A23CFB18F0021A3E2 /* ChainsCollectionViewCell.xib */ = {isa = PBXFileReference; lastKnownFileType = file.xib; path = ChainsCollectionViewCell.xib; sourceTree = "<group>"; };
		6892BD6023D23AF30021A3E2 /* VerifyNumberViewController.swift */ = {isa = PBXFileReference; lastKnownFileType = sourcecode.swift; path = VerifyNumberViewController.swift; sourceTree = "<group>"; };
		6892BD6123D23AF30021A3E2 /* VerifyNumberViewController.xib */ = {isa = PBXFileReference; lastKnownFileType = file.xib; path = VerifyNumberViewController.xib; sourceTree = "<group>"; };
		6892BD6923D3AB120021A3E2 /* AdditionalInfoViewController.swift */ = {isa = PBXFileReference; lastKnownFileType = sourcecode.swift; path = AdditionalInfoViewController.swift; sourceTree = "<group>"; };
		6892BD6A23D3AB120021A3E2 /* AdditionalInfoViewController.xib */ = {isa = PBXFileReference; lastKnownFileType = file.xib; path = AdditionalInfoViewController.xib; sourceTree = "<group>"; };
		689E93CF23DE125300EED90F /* InvitesViewController.swift */ = {isa = PBXFileReference; lastKnownFileType = sourcecode.swift; path = InvitesViewController.swift; sourceTree = "<group>"; };
		689E93D023DE125300EED90F /* InvitesViewController.xib */ = {isa = PBXFileReference; lastKnownFileType = file.xib; path = InvitesViewController.xib; sourceTree = "<group>"; };
		689E93D323DE136B00EED90F /* InviteTableViewCell.swift */ = {isa = PBXFileReference; lastKnownFileType = sourcecode.swift; path = InviteTableViewCell.swift; sourceTree = "<group>"; };
		689E93D423DE136B00EED90F /* InviteTableViewCell.xib */ = {isa = PBXFileReference; lastKnownFileType = file.xib; path = InviteTableViewCell.xib; sourceTree = "<group>"; };
		68A5D389238DD98800AD4DC8 /* ChainFireStore.swift */ = {isa = PBXFileReference; lastKnownFileType = sourcecode.swift; path = ChainFireStore.swift; sourceTree = "<group>"; };
		68A5D38B238DD9E500AD4DC8 /* ChainImage.swift */ = {isa = PBXFileReference; lastKnownFileType = sourcecode.swift; path = ChainImage.swift; sourceTree = "<group>"; };
		68BDBD39241ACE3700613A93 /* UIViewExtensions.swift */ = {isa = PBXFileReference; lastKnownFileType = sourcecode.swift; path = UIViewExtensions.swift; sourceTree = "<group>"; };
		68BDBD3C242094BE00613A93 /* SearchUsersViewController.swift */ = {isa = PBXFileReference; lastKnownFileType = sourcecode.swift; path = SearchUsersViewController.swift; sourceTree = "<group>"; };
		68BDBD3D242094BE00613A93 /* SearchUsersViewController.xib */ = {isa = PBXFileReference; lastKnownFileType = file.xib; path = SearchUsersViewController.xib; sourceTree = "<group>"; };
		68BDBD40242422AD00613A93 /* UserMenuSupportingFunctions.swift */ = {isa = PBXFileReference; lastKnownFileType = sourcecode.swift; path = UserMenuSupportingFunctions.swift; sourceTree = "<group>"; };
		68CE9B8B2391002E00E8483D /* Invite.swift */ = {isa = PBXFileReference; lastKnownFileType = sourcecode.swift; path = Invite.swift; sourceTree = "<group>"; };
		68D18E9F242D845B00C6244A /* GlobalChainsCollectionViewCell.swift */ = {isa = PBXFileReference; lastKnownFileType = sourcecode.swift; path = GlobalChainsCollectionViewCell.swift; sourceTree = "<group>"; };
		68F92F26238F820E000F05AA /* GeoFirestoreExtensions.swift */ = {isa = PBXFileReference; lastKnownFileType = sourcecode.swift; path = GeoFirestoreExtensions.swift; sourceTree = "<group>"; };
		68F92F28238F82F2000F05AA /* CLLocationManagerExtensions.swift */ = {isa = PBXFileReference; lastKnownFileType = sourcecode.swift; path = CLLocationManagerExtensions.swift; sourceTree = "<group>"; };
		D598370E0D7CDF870307C38C /* Pods_Chain.framework */ = {isa = PBXFileReference; explicitFileType = wrapper.framework; includeInIndex = 0; path = Pods_Chain.framework; sourceTree = BUILT_PRODUCTS_DIR; };
		D59994062205F2EA3D50386E /* Pods-Chain.release.xcconfig */ = {isa = PBXFileReference; includeInIndex = 1; lastKnownFileType = text.xcconfig; name = "Pods-Chain.release.xcconfig"; path = "Target Support Files/Pods-Chain/Pods-Chain.release.xcconfig"; sourceTree = "<group>"; };
		FA06BC6723CF776B002055AD /* ChainBreakLoader.xib */ = {isa = PBXFileReference; lastKnownFileType = file.xib; path = ChainBreakLoader.xib; sourceTree = "<group>"; };
		FA06BC6923CF9411002055AD /* CameraViewPhotos.swift */ = {isa = PBXFileReference; lastKnownFileType = sourcecode.swift; path = CameraViewPhotos.swift; sourceTree = "<group>"; };
		FA63C87C238DE92B00B30312 /* PostChain.swift */ = {isa = PBXFileReference; lastKnownFileType = sourcecode.swift; path = PostChain.swift; sourceTree = "<group>"; };
		FA63C881238DF4CB00B30312 /* ChainAuth.swift */ = {isa = PBXFileReference; lastKnownFileType = sourcecode.swift; path = ChainAuth.swift; sourceTree = "<group>"; };
		FA63C883238DF4D800B30312 /* ChainUser.swift */ = {isa = PBXFileReference; lastKnownFileType = sourcecode.swift; path = ChainUser.swift; sourceTree = "<group>"; };
		FA63C885238E07A400B30312 /* MainTableView.swift */ = {isa = PBXFileReference; lastKnownFileType = sourcecode.swift; path = MainTableView.swift; sourceTree = "<group>"; };
		FA63C887238E084200B30312 /* MainCell.swift */ = {isa = PBXFileReference; lastKnownFileType = sourcecode.swift; path = MainCell.swift; sourceTree = "<group>"; };
		FA6D483E2425A94300EEC8E8 /* UserHeaderView.xib */ = {isa = PBXFileReference; lastKnownFileType = file.xib; path = UserHeaderView.xib; sourceTree = "<group>"; };
		FA6D48402425A94F00EEC8E8 /* UserHeaderView.swift */ = {isa = PBXFileReference; lastKnownFileType = sourcecode.swift; path = UserHeaderView.swift; sourceTree = "<group>"; };
		FA6D48422425C6F100EEC8E8 /* ExploreHeaderReusableView.swift */ = {isa = PBXFileReference; lastKnownFileType = sourcecode.swift; path = ExploreHeaderReusableView.swift; sourceTree = "<group>"; };
		FA6D48492427E6D400EEC8E8 /* DoubleCollectionViewCell.swift */ = {isa = PBXFileReference; lastKnownFileType = sourcecode.swift; path = DoubleCollectionViewCell.swift; sourceTree = "<group>"; };
		FA6D484C2427F88A00EEC8E8 /* ChainProfileViewController.swift */ = {isa = PBXFileReference; lastKnownFileType = sourcecode.swift; path = ChainProfileViewController.swift; sourceTree = "<group>"; };
		FA6D484E2427F96500EEC8E8 /* ChainProfileCollectionView.swift */ = {isa = PBXFileReference; lastKnownFileType = sourcecode.swift; path = ChainProfileCollectionView.swift; sourceTree = "<group>"; };
		FA6D48502427FCF600EEC8E8 /* ChainCollectionViewCell.swift */ = {isa = PBXFileReference; lastKnownFileType = sourcecode.swift; path = ChainCollectionViewCell.swift; sourceTree = "<group>"; };
		FA6ED2FC242557F800F3F30E /* FluffLoadingColored.json */ = {isa = PBXFileReference; fileEncoding = 4; lastKnownFileType = text.json; path = FluffLoadingColored.json; sourceTree = "<group>"; };
		FA6ED2FD242557F800F3F30E /* FluffLoading.json */ = {isa = PBXFileReference; fileEncoding = 4; lastKnownFileType = text.json; path = FluffLoading.json; sourceTree = "<group>"; };
		FA7E3667238DB12A00488000 /* Chain.app */ = {isa = PBXFileReference; explicitFileType = wrapper.application; includeInIndex = 0; path = Chain.app; sourceTree = BUILT_PRODUCTS_DIR; };
		FA7E366A238DB12A00488000 /* AppDelegate.swift */ = {isa = PBXFileReference; lastKnownFileType = sourcecode.swift; path = AppDelegate.swift; sourceTree = "<group>"; };
		FA7E366E238DB12A00488000 /* ChainViewController.swift */ = {isa = PBXFileReference; lastKnownFileType = sourcecode.swift; path = ChainViewController.swift; sourceTree = "<group>"; };
		FA7E3671238DB12A00488000 /* Base */ = {isa = PBXFileReference; lastKnownFileType = file.storyboard; name = Base; path = Base.lproj/Main.storyboard; sourceTree = "<group>"; };
		FA7E3673238DB12C00488000 /* Assets.xcassets */ = {isa = PBXFileReference; lastKnownFileType = folder.assetcatalog; path = Assets.xcassets; sourceTree = "<group>"; };
		FA7E3676238DB12C00488000 /* Base */ = {isa = PBXFileReference; lastKnownFileType = file.storyboard; name = Base; path = Base.lproj/LaunchScreen.storyboard; sourceTree = "<group>"; };
		FA7E3678238DB12C00488000 /* Info.plist */ = {isa = PBXFileReference; lastKnownFileType = text.plist.xml; path = Info.plist; sourceTree = "<group>"; };
		FA7E36A3238DBB7600488000 /* enums.swift */ = {isa = PBXFileReference; lastKnownFileType = sourcecode.swift; path = enums.swift; sourceTree = "<group>"; };
		FA7E36A8238DCD3B00488000 /* SignInViewController.swift */ = {isa = PBXFileReference; lastKnownFileType = sourcecode.swift; path = SignInViewController.swift; sourceTree = "<group>"; };
		FA7E36A9238DCD3B00488000 /* SignInViewController.xib */ = {isa = PBXFileReference; lastKnownFileType = file.xib; path = SignInViewController.xib; sourceTree = "<group>"; };
		FA7E36AE238DCD5C00488000 /* SignUpViewController.swift */ = {isa = PBXFileReference; lastKnownFileType = sourcecode.swift; path = SignUpViewController.swift; sourceTree = "<group>"; };
		FA7E36AF238DCD5C00488000 /* SignUpViewController.xib */ = {isa = PBXFileReference; lastKnownFileType = file.xib; path = SignUpViewController.xib; sourceTree = "<group>"; };
		FA7E36B4238DD20400488000 /* CameraViewController.swift */ = {isa = PBXFileReference; lastKnownFileType = sourcecode.swift; path = CameraViewController.swift; sourceTree = "<group>"; };
		FA7E36B5238DD20400488000 /* CameraViewController.xib */ = {isa = PBXFileReference; lastKnownFileType = file.xib; path = CameraViewController.xib; sourceTree = "<group>"; };
		FA7E36B8238DD55800488000 /* FirstViewController.swift */ = {isa = PBXFileReference; lastKnownFileType = sourcecode.swift; path = FirstViewController.swift; sourceTree = "<group>"; };
		FA7E36BA238DDDB100488000 /* SceneDelegate.swift */ = {isa = PBXFileReference; fileEncoding = 4; lastKnownFileType = sourcecode.swift; path = SceneDelegate.swift; sourceTree = "<group>"; };
		FA867FDC23CEC44A00B638F8 /* ChainBreak.json */ = {isa = PBXFileReference; fileEncoding = 4; lastKnownFileType = text.json; path = ChainBreak.json; sourceTree = "<group>"; };
		FA867FDE23CEC4D100B638F8 /* ChainBreakLoader.swift */ = {isa = PBXFileReference; lastKnownFileType = sourcecode.swift; path = ChainBreakLoader.swift; sourceTree = "<group>"; };
		FA9C5B3823C553C500F1B41A /* DecodableObject.swift */ = {isa = PBXFileReference; fileEncoding = 4; lastKnownFileType = sourcecode.swift; path = DecodableObject.swift; sourceTree = "<group>"; };
		FA9C5B3923C553C500F1B41A /* ChristiansLibrary.swift */ = {isa = PBXFileReference; fileEncoding = 4; lastKnownFileType = sourcecode.swift; path = ChristiansLibrary.swift; sourceTree = "<group>"; };
		FA9C5B3A23C553C500F1B41A /* BeautifulLoadScreen.swift */ = {isa = PBXFileReference; fileEncoding = 4; lastKnownFileType = sourcecode.swift; path = BeautifulLoadScreen.swift; sourceTree = "<group>"; };
		FA9C5B3B23C553C500F1B41A /* ChristiansFirebase.swift */ = {isa = PBXFileReference; fileEncoding = 4; lastKnownFileType = sourcecode.swift; path = ChristiansFirebase.swift; sourceTree = "<group>"; };
		FA9C5B3C23C553C500F1B41A /* EmptyTableView.swift */ = {isa = PBXFileReference; fileEncoding = 4; lastKnownFileType = sourcecode.swift; path = EmptyTableView.swift; sourceTree = "<group>"; };
		FA9C5B3D23C553C500F1B41A /* CustomSpinner.swift */ = {isa = PBXFileReference; fileEncoding = 4; lastKnownFileType = sourcecode.swift; path = CustomSpinner.swift; sourceTree = "<group>"; };
		FA9C5B3E23C553C500F1B41A /* MemoryHelp.swift */ = {isa = PBXFileReference; fileEncoding = 4; lastKnownFileType = sourcecode.swift; path = MemoryHelp.swift; sourceTree = "<group>"; };
		FA9C5B3F23C553C500F1B41A /* GlobalAttributes.swift */ = {isa = PBXFileReference; fileEncoding = 4; lastKnownFileType = sourcecode.swift; path = GlobalAttributes.swift; sourceTree = "<group>"; };
		FA9C5B4023C553C500F1B41A /* LoadingView.swift */ = {isa = PBXFileReference; fileEncoding = 4; lastKnownFileType = sourcecode.swift; path = LoadingView.swift; sourceTree = "<group>"; };
		FA9C5B4A23C5547B00F1B41A /* NewChainViewController.swift */ = {isa = PBXFileReference; fileEncoding = 4; lastKnownFileType = sourcecode.swift; path = NewChainViewController.swift; sourceTree = "<group>"; };
		FA9C5B4B23C5547B00F1B41A /* NewChainAnimators.swift */ = {isa = PBXFileReference; fileEncoding = 4; lastKnownFileType = sourcecode.swift; path = NewChainAnimators.swift; sourceTree = "<group>"; };
		FA9C5B4C23C5547B00F1B41A /* NewChainViewController.xib */ = {isa = PBXFileReference; fileEncoding = 4; lastKnownFileType = file.xib; path = NewChainViewController.xib; sourceTree = "<group>"; };
		FA9C5B5023C554B900F1B41A /* PanGestureExtensions.swift */ = {isa = PBXFileReference; fileEncoding = 4; lastKnownFileType = sourcecode.swift; path = PanGestureExtensions.swift; sourceTree = "<group>"; };
		FA9C5B5323C5793600F1B41A /* uglyChain.json */ = {isa = PBXFileReference; fileEncoding = 4; lastKnownFileType = text.json; path = uglyChain.json; sourceTree = "<group>"; };
		FA9C5BC723C648A000F1B41A /* ChainViewHelpers.swift */ = {isa = PBXFileReference; lastKnownFileType = sourcecode.swift; path = ChainViewHelpers.swift; sourceTree = "<group>"; };
		FA9CB63723EE661E00D43F04 /* GoogleService-Info.plist */ = {isa = PBXFileReference; fileEncoding = 4; lastKnownFileType = text.plist.xml; path = "GoogleService-Info.plist"; sourceTree = "<group>"; };
		FAAF0A3723C1911800838B0E /* ExploreViewController.swift */ = {isa = PBXFileReference; lastKnownFileType = sourcecode.swift; path = ExploreViewController.swift; sourceTree = "<group>"; };
		FAAF0A3923C1913200838B0E /* ExplorePageCell.swift */ = {isa = PBXFileReference; lastKnownFileType = sourcecode.swift; path = ExplorePageCell.swift; sourceTree = "<group>"; };
		FAAF0A3B23C192DC00838B0E /* ExplorePageFireFuncs.swift */ = {isa = PBXFileReference; lastKnownFileType = sourcecode.swift; path = ExplorePageFireFuncs.swift; sourceTree = "<group>"; };
		FAAF0A3D23C1960600838B0E /* ExplorePageCollectionView.swift */ = {isa = PBXFileReference; lastKnownFileType = sourcecode.swift; path = ExplorePageCollectionView.swift; sourceTree = "<group>"; };
		FAAF0A3F23C198D400838B0E /* DateExtensions.swift */ = {isa = PBXFileReference; lastKnownFileType = sourcecode.swift; path = DateExtensions.swift; sourceTree = "<group>"; };
/* End PBXFileReference section */

/* Begin PBXFrameworksBuildPhase section */
		FA7E3664238DB12A00488000 /* Frameworks */ = {
			isa = PBXFrameworksBuildPhase;
			buildActionMask = 2147483647;
			files = (
				F8FA2FF7022E9567DE476E44 /* Pods_Chain.framework in Frameworks */,
			);
			runOnlyForDeploymentPostprocessing = 0;
		};
/* End PBXFrameworksBuildPhase section */

/* Begin PBXGroup section */
		0521578EE84E12B751EBCF6F /* Pods */ = {
			isa = PBXGroup;
			children = (
				2C5C4C2DF714C599B79C18A3 /* Pods-Chain.debug.xcconfig */,
				D59994062205F2EA3D50386E /* Pods-Chain.release.xcconfig */,
			);
			path = Pods;
			sourceTree = "<group>";
		};
		6844CDDF23D6BAE200A88860 /* Current User Profile */ = {
			isa = PBXGroup;
			children = (
				686B15A223D8E58000FB31DC /* CurrentUserProfileViewController.swift */,
				686B15A323D8E58000FB31DC /* CurrentUserProfileViewController.xib */,
				686B15A623D8EB6500FB31DC /* EditProfileViewController.swift */,
				686B15A723D8EB6500FB31DC /* EditProfileViewController.xib */,
			);
			path = "Current User Profile";
			sourceTree = "<group>";
		};
		6844CDE023D6BAF700A88860 /* Other User Profile */ = {
			isa = PBXGroup;
			children = (
				6892BD5523CFAC850021A3E2 /* ProfileViewController.swift */,
				6892BD5623CFAC850021A3E2 /* ProfileViewController.xib */,
				6892BD5923CFB18F0021A3E2 /* ChainsCollectionViewCell.swift */,
				6892BD5A23CFB18F0021A3E2 /* ChainsCollectionViewCell.xib */,
			);
			path = "Other User Profile";
			sourceTree = "<group>";
		};
		6848594523D65BFA00AFEB7C /* Reset Password */ = {
			isa = PBXGroup;
			children = (
				6848594623D65C4200AFEB7C /* ChangePasswordViewController.swift */,
				6848594723D65C4200AFEB7C /* ChangePasswordViewController.xib */,
			);
			path = "Reset Password";
			sourceTree = "<group>";
		};
		686B15AA23DB758200FB31DC /* Friends */ = {
			isa = PBXGroup;
			children = (
				686B15AC23DB75D500FB31DC /* FriendsViewController.swift */,
				686B15AD23DB75D500FB31DC /* FriendsViewController.xib */,
				686B15B423DB846A00FB31DC /* FriendTableViewCell.swift */,
				686B15B523DB846A00FB31DC /* FriendTableViewCell.xib */,
			);
			path = Friends;
			sourceTree = "<group>";
		};
		686B15AB23DB759C00FB31DC /* Blocked */ = {
			isa = PBXGroup;
			children = (
			);
			path = Blocked;
			sourceTree = "<group>";
		};
		6878BBA023C7954000C75B2E /* User Menu */ = {
			isa = PBXGroup;
			children = (
				6878BBA323C7957200C75B2E /* UserMenuCell.swift */,
				6878BBA523C8FD5200C75B2E /* UserMenuTableViewController.swift */,
				68BDBD40242422AD00613A93 /* UserMenuSupportingFunctions.swift */,
				68813EDB23E0B8100057F7AA /* SearchFunction.swift */,
			);
			path = "User Menu";
			sourceTree = "<group>";
		};
		6892BD5423CFAC3E0021A3E2 /* ProfileView */ = {
			isa = PBXGroup;
			children = (
				689E93CE23DE123100EED90F /* Invites */,
				686B15AA23DB758200FB31DC /* Friends */,
				686B15AB23DB759C00FB31DC /* Blocked */,
				6844CDDF23D6BAE200A88860 /* Current User Profile */,
				6844CDE023D6BAF700A88860 /* Other User Profile */,
			);
			path = ProfileView;
			sourceTree = "<group>";
		};
		6892BD5F23D23AA20021A3E2 /* Verify Phone */ = {
			isa = PBXGroup;
			children = (
				6892BD6023D23AF30021A3E2 /* VerifyNumberViewController.swift */,
				6892BD6123D23AF30021A3E2 /* VerifyNumberViewController.xib */,
			);
			path = "Verify Phone";
			sourceTree = "<group>";
		};
		6892BD6823D3AAAF0021A3E2 /* Additional Info */ = {
			isa = PBXGroup;
			children = (
				6892BD6923D3AB120021A3E2 /* AdditionalInfoViewController.swift */,
				6892BD6A23D3AB120021A3E2 /* AdditionalInfoViewController.xib */,
			);
			path = "Additional Info";
			sourceTree = "<group>";
		};
		689E93CE23DE123100EED90F /* Invites */ = {
			isa = PBXGroup;
			children = (
				689E93CF23DE125300EED90F /* InvitesViewController.swift */,
				689E93D323DE136B00EED90F /* InviteTableViewCell.swift */,
				689E93D423DE136B00EED90F /* InviteTableViewCell.xib */,
				689E93D023DE125300EED90F /* InvitesViewController.xib */,
			);
			path = Invites;
			sourceTree = "<group>";
		};
		68BDBD3B2420949C00613A93 /* Search Users */ = {
			isa = PBXGroup;
			children = (
				68BDBD3C242094BE00613A93 /* SearchUsersViewController.swift */,
				68BDBD3D242094BE00613A93 /* SearchUsersViewController.xib */,
			);
			name = "Search Users";
			path = ..;
			sourceTree = "<group>";
		};
		68F92F25238F81A3000F05AA /* Extensions */ = {
			isa = PBXGroup;
			children = (
				FA9C5B5023C554B900F1B41A /* PanGestureExtensions.swift */,
				68F92F26238F820E000F05AA /* GeoFirestoreExtensions.swift */,
				68F92F28238F82F2000F05AA /* CLLocationManagerExtensions.swift */,
				FAAF0A3F23C198D400838B0E /* DateExtensions.swift */,
				68BDBD39241ACE3700613A93 /* UIViewExtensions.swift */,
			);
			path = Extensions;
			sourceTree = "<group>";
		};
		A5F7D62D6CB84EC0F650F193 /* Frameworks */ = {
			isa = PBXGroup;
			children = (
				D598370E0D7CDF870307C38C /* Pods_Chain.framework */,
			);
			name = Frameworks;
			sourceTree = "<group>";
		};
		FA6A862123C536A500E57413 /* New Chain View */ = {
			isa = PBXGroup;
			children = (
				FA9C5B4A23C5547B00F1B41A /* NewChainViewController.swift */,
				FA9C5B4B23C5547B00F1B41A /* NewChainAnimators.swift */,
				FA9C5B4C23C5547B00F1B41A /* NewChainViewController.xib */,
			);
			path = "New Chain View";
			sourceTree = "<group>";
		};
		FA6D483D2425A8F300EEC8E8 /* EmbeddedVews */ = {
			isa = PBXGroup;
			children = (
				FA6D483E2425A94300EEC8E8 /* UserHeaderView.xib */,
				FA6D48402425A94F00EEC8E8 /* UserHeaderView.swift */,
			);
			path = EmbeddedVews;
			sourceTree = "<group>";
		};
		FA6D484B2427F87100EEC8E8 /* ChainProfileView */ = {
			isa = PBXGroup;
			children = (
				FA6D484C2427F88A00EEC8E8 /* ChainProfileViewController.swift */,
				FA6D484E2427F96500EEC8E8 /* ChainProfileCollectionView.swift */,
				FA6D48502427FCF600EEC8E8 /* ChainCollectionViewCell.swift */,
			);
			path = ChainProfileView;
			sourceTree = "<group>";
		};
		FA6ED2FB242557F800F3F30E /* LottieAnimations */ = {
			isa = PBXGroup;
			children = (
				FA867FDC23CEC44A00B638F8 /* ChainBreak.json */,
				FA9C5B5323C5793600F1B41A /* uglyChain.json */,
				FA6ED2FC242557F800F3F30E /* FluffLoadingColored.json */,
				FA6ED2FD242557F800F3F30E /* FluffLoading.json */,
			);
			path = LottieAnimations;
			sourceTree = "<group>";
		};
		FA7E365E238DB12A00488000 = {
			isa = PBXGroup;
			children = (
				FA7E3669238DB12A00488000 /* Chain */,
				FA7E3668238DB12A00488000 /* Products */,
				0521578EE84E12B751EBCF6F /* Pods */,
				A5F7D62D6CB84EC0F650F193 /* Frameworks */,
			);
			sourceTree = "<group>";
		};
		FA7E3668238DB12A00488000 /* Products */ = {
			isa = PBXGroup;
			children = (
				FA7E3667238DB12A00488000 /* Chain.app */,
			);
			name = Products;
			sourceTree = "<group>";
		};
		FA7E3669238DB12A00488000 /* Chain */ = {
			isa = PBXGroup;
			children = (
				FA9CB63723EE661E00D43F04 /* GoogleService-Info.plist */,
				68676B9E23AEB29D00DAD539 /* Chain.entitlements */,
				FA7E36BA238DDDB100488000 /* SceneDelegate.swift */,
				FA7E366A238DB12A00488000 /* AppDelegate.swift */,
				FA7E3670238DB12A00488000 /* Main.storyboard */,
				68BDBD3B2420949C00613A93 /* Search Users */,
				6892BD5423CFAC3E0021A3E2 /* ProfileView */,
				6878BBA023C7954000C75B2E /* User Menu */,
				FA7E36A7238DCCFD00488000 /* Authentication Views */,
				FA7E367E238DB91100488000 /* Main View */,
				FA7E36B2238DD1EB00488000 /* Misc Views */,
				FA9C5B5223C5790B00F1B41A /* Animations */,
				FA7E3682238DB9EB00488000 /* Structs */,
				68F92F25238F81A3000F05AA /* Extensions */,
				FA9C5B3723C553C500F1B41A /* Christians Library */,
				FA7E3673238DB12C00488000 /* Assets.xcassets */,
				FA7E3675238DB12C00488000 /* LaunchScreen.storyboard */,
				FA7E3678238DB12C00488000 /* Info.plist */,
			);
			path = Chain;
			sourceTree = "<group>";
		};
		FA7E367E238DB91100488000 /* Main View */ = {
			isa = PBXGroup;
			children = (
				FA6D483D2425A8F300EEC8E8 /* EmbeddedVews */,
				FA7E366E238DB12A00488000 /* ChainViewController.swift */,
				FA9C5BC723C648A000F1B41A /* ChainViewHelpers.swift */,
				FA63C885238E07A400B30312 /* MainTableView.swift */,
				FA63C887238E084200B30312 /* MainCell.swift */,
				FA6D48492427E6D400EEC8E8 /* DoubleCollectionViewCell.swift */,
			);
			path = "Main View";
			sourceTree = "<group>";
		};
		FA7E3682238DB9EB00488000 /* Structs */ = {
			isa = PBXGroup;
			children = (
				6848594323D62FC700AFEB7C /* ChainFriend.swift */,
				68293A8223F30C1500A0D754 /* ChainCache.swift */,
				FA7E36A3238DBB7600488000 /* enums.swift */,
				68A5D389238DD98800AD4DC8 /* ChainFireStore.swift */,
				FA63C881238DF4CB00B30312 /* ChainAuth.swift */,
				FA63C883238DF4D800B30312 /* ChainUser.swift */,
				68A5D38B238DD9E500AD4DC8 /* ChainImage.swift */,
				FA63C87C238DE92B00B30312 /* PostChain.swift */,
				68CE9B8B2391002E00E8483D /* Invite.swift */,
			);
			path = Structs;
			sourceTree = "<group>";
		};
		FA7E36A7238DCCFD00488000 /* Authentication Views */ = {
			isa = PBXGroup;
			children = (
				FA7E36B8238DD55800488000 /* FirstViewController.swift */,
				FA7E36AC238DCD4100488000 /* Sign In */,
				FA7E36AD238DCD4500488000 /* Sign Up */,
				6892BD5F23D23AA20021A3E2 /* Verify Phone */,
				6892BD6823D3AAAF0021A3E2 /* Additional Info */,
				6848594523D65BFA00AFEB7C /* Reset Password */,
			);
			path = "Authentication Views";
			sourceTree = "<group>";
		};
		FA7E36AC238DCD4100488000 /* Sign In */ = {
			isa = PBXGroup;
			children = (
				FA7E36A8238DCD3B00488000 /* SignInViewController.swift */,
				FA7E36A9238DCD3B00488000 /* SignInViewController.xib */,
			);
			path = "Sign In";
			sourceTree = "<group>";
		};
		FA7E36AD238DCD4500488000 /* Sign Up */ = {
			isa = PBXGroup;
			children = (
				FA7E36AE238DCD5C00488000 /* SignUpViewController.swift */,
				FA7E36AF238DCD5C00488000 /* SignUpViewController.xib */,
			);
			path = "Sign Up";
			sourceTree = "<group>";
		};
		FA7E36B2238DD1EB00488000 /* Misc Views */ = {
			isa = PBXGroup;
			children = (
				FA6D484B2427F87100EEC8E8 /* ChainProfileView */,
				FA6A862123C536A500E57413 /* New Chain View */,
				FAAF0A3623C18E0400838B0E /* Explore Page */,
				FA7E36B3238DD1F600488000 /* Camera View */,
			);
			path = "Misc Views";
			sourceTree = "<group>";
		};
		FA7E36B3238DD1F600488000 /* Camera View */ = {
			isa = PBXGroup;
			children = (
				FA7E36B4238DD20400488000 /* CameraViewController.swift */,
				FA06BC6923CF9411002055AD /* CameraViewPhotos.swift */,
				FA7E36B5238DD20400488000 /* CameraViewController.xib */,
			);
			path = "Camera View";
			sourceTree = "<group>";
		};
		FA9C5B3723C553C500F1B41A /* Christians Library */ = {
			isa = PBXGroup;
			children = (
				FA6ED2FB242557F800F3F30E /* LottieAnimations */,
				FA9C5B3823C553C500F1B41A /* DecodableObject.swift */,
				FA9C5B3923C553C500F1B41A /* ChristiansLibrary.swift */,
				FA9C5B3A23C553C500F1B41A /* BeautifulLoadScreen.swift */,
				FA9C5B3B23C553C500F1B41A /* ChristiansFirebase.swift */,
				FA9C5B3C23C553C500F1B41A /* EmptyTableView.swift */,
				FA9C5B3D23C553C500F1B41A /* CustomSpinner.swift */,
				FA9C5B3E23C553C500F1B41A /* MemoryHelp.swift */,
				FA9C5B3F23C553C500F1B41A /* GlobalAttributes.swift */,
				FA9C5B4023C553C500F1B41A /* LoadingView.swift */,
			);
			path = "Christians Library";
			sourceTree = "<group>";
		};
		FA9C5B5223C5790B00F1B41A /* Animations */ = {
			isa = PBXGroup;
			children = (
				FA867FDE23CEC4D100B638F8 /* ChainBreakLoader.swift */,
				FA06BC6723CF776B002055AD /* ChainBreakLoader.xib */,
			);
			path = Animations;
			sourceTree = "<group>";
		};
		FAAF0A3623C18E0400838B0E /* Explore Page */ = {
			isa = PBXGroup;
			children = (
				FAAF0A3723C1911800838B0E /* ExploreViewController.swift */,
				FAAF0A3923C1913200838B0E /* ExplorePageCell.swift */,
				FA6D48422425C6F100EEC8E8 /* ExploreHeaderReusableView.swift */,
				FAAF0A3D23C1960600838B0E /* ExplorePageCollectionView.swift */,
				68D18E9F242D845B00C6244A /* GlobalChainsCollectionViewCell.swift */,
				FAAF0A3B23C192DC00838B0E /* ExplorePageFireFuncs.swift */,
			);
			path = "Explore Page";
			sourceTree = "<group>";
		};
/* End PBXGroup section */

/* Begin PBXNativeTarget section */
		FA7E3666238DB12A00488000 /* Chain */ = {
			isa = PBXNativeTarget;
			buildConfigurationList = FA7E367B238DB12C00488000 /* Build configuration list for PBXNativeTarget "Chain" */;
			buildPhases = (
				5D1BC093036F6F2BBD71E612 /* [CP] Check Pods Manifest.lock */,
				FA7E3663238DB12A00488000 /* Sources */,
				FA7E3664238DB12A00488000 /* Frameworks */,
				FA7E3665238DB12A00488000 /* Resources */,
				DF07BF20135DED9C6058D232 /* [CP] Embed Pods Frameworks */,
			);
			buildRules = (
			);
			dependencies = (
			);
			name = Chain;
			productName = Chain;
			productReference = FA7E3667238DB12A00488000 /* Chain.app */;
			productType = "com.apple.product-type.application";
		};
/* End PBXNativeTarget section */

/* Begin PBXProject section */
		FA7E365F238DB12A00488000 /* Project object */ = {
			isa = PBXProject;
			attributes = {
				LastSwiftUpdateCheck = 1120;
				LastUpgradeCheck = 1120;
				ORGANIZATIONNAME = "Christian Burke";
				TargetAttributes = {
					FA7E3666238DB12A00488000 = {
						CreatedOnToolsVersion = 11.2.1;
					};
				};
			};
			buildConfigurationList = FA7E3662238DB12A00488000 /* Build configuration list for PBXProject "Chain" */;
			compatibilityVersion = "Xcode 9.3";
			developmentRegion = en;
			hasScannedForEncodings = 0;
			knownRegions = (
				en,
				Base,
			);
			mainGroup = FA7E365E238DB12A00488000;
			productRefGroup = FA7E3668238DB12A00488000 /* Products */;
			projectDirPath = "";
			projectRoot = "";
			targets = (
				FA7E3666238DB12A00488000 /* Chain */,
			);
		};
/* End PBXProject section */

/* Begin PBXResourcesBuildPhase section */
		FA7E3665238DB12A00488000 /* Resources */ = {
			isa = PBXResourcesBuildPhase;
			buildActionMask = 2147483647;
			files = (
				6892BD6C23D3AB120021A3E2 /* AdditionalInfoViewController.xib in Resources */,
				6892BD6323D23AF30021A3E2 /* VerifyNumberViewController.xib in Resources */,
				6848594923D65C4200AFEB7C /* ChangePasswordViewController.xib in Resources */,
				689E93D223DE125300EED90F /* InvitesViewController.xib in Resources */,
				FA6D483F2425A94300EEC8E8 /* UserHeaderView.xib in Resources */,
				686B15A523D8E58000FB31DC /* CurrentUserProfileViewController.xib in Resources */,
				FA7E36B7238DD20400488000 /* CameraViewController.xib in Resources */,
				FA7E36AB238DCD3B00488000 /* SignInViewController.xib in Resources */,
				FA7E3677238DB12C00488000 /* LaunchScreen.storyboard in Resources */,
				6892BD5C23CFB18F0021A3E2 /* ChainsCollectionViewCell.xib in Resources */,
				686B15A923D8EB6500FB31DC /* EditProfileViewController.xib in Resources */,
				FA7E3674238DB12C00488000 /* Assets.xcassets in Resources */,
				686B15AF23DB75D500FB31DC /* FriendsViewController.xib in Resources */,
				FA867FDD23CEC44A00B638F8 /* ChainBreak.json in Resources */,
				6892BD5823CFAC850021A3E2 /* ProfileViewController.xib in Resources */,
				FA7E36B1238DCD5C00488000 /* SignUpViewController.xib in Resources */,
				FA7E3672238DB12A00488000 /* Main.storyboard in Resources */,
				689E93D623DE136B00EED90F /* InviteTableViewCell.xib in Resources */,
				FA6ED2FE242557F800F3F30E /* FluffLoadingColored.json in Resources */,
				686B15B723DB846A00FB31DC /* FriendTableViewCell.xib in Resources */,
				FA9C5B5423C5793600F1B41A /* uglyChain.json in Resources */,
				FA6ED2FF242557F800F3F30E /* FluffLoading.json in Resources */,
				FA9CB63823EE661E00D43F04 /* GoogleService-Info.plist in Resources */,
				68BDBD3F242094BE00613A93 /* SearchUsersViewController.xib in Resources */,
				FA06BC6823CF776B002055AD /* ChainBreakLoader.xib in Resources */,
				FA9C5B4F23C5547B00F1B41A /* NewChainViewController.xib in Resources */,
			);
			runOnlyForDeploymentPostprocessing = 0;
		};
/* End PBXResourcesBuildPhase section */

/* Begin PBXShellScriptBuildPhase section */
		5D1BC093036F6F2BBD71E612 /* [CP] Check Pods Manifest.lock */ = {
			isa = PBXShellScriptBuildPhase;
			buildActionMask = 2147483647;
			files = (
			);
			inputFileListPaths = (
			);
			inputPaths = (
				"${PODS_PODFILE_DIR_PATH}/Podfile.lock",
				"${PODS_ROOT}/Manifest.lock",
			);
			name = "[CP] Check Pods Manifest.lock";
			outputFileListPaths = (
			);
			outputPaths = (
				"$(DERIVED_FILE_DIR)/Pods-Chain-checkManifestLockResult.txt",
			);
			runOnlyForDeploymentPostprocessing = 0;
			shellPath = /bin/sh;
			shellScript = "diff \"${PODS_PODFILE_DIR_PATH}/Podfile.lock\" \"${PODS_ROOT}/Manifest.lock\" > /dev/null\nif [ $? != 0 ] ; then\n    # print error to STDERR\n    echo \"error: The sandbox is not in sync with the Podfile.lock. Run 'pod install' or update your CocoaPods installation.\" >&2\n    exit 1\nfi\n# This output is used by Xcode 'outputs' to avoid re-running this script phase.\necho \"SUCCESS\" > \"${SCRIPT_OUTPUT_FILE_0}\"\n";
			showEnvVarsInLog = 0;
		};
		DF07BF20135DED9C6058D232 /* [CP] Embed Pods Frameworks */ = {
			isa = PBXShellScriptBuildPhase;
			buildActionMask = 2147483647;
			files = (
			);
			inputFileListPaths = (
				"${PODS_ROOT}/Target Support Files/Pods-Chain/Pods-Chain-frameworks-${CONFIGURATION}-input-files.xcfilelist",
			);
			name = "[CP] Embed Pods Frameworks";
			outputFileListPaths = (
				"${PODS_ROOT}/Target Support Files/Pods-Chain/Pods-Chain-frameworks-${CONFIGURATION}-output-files.xcfilelist",
			);
			runOnlyForDeploymentPostprocessing = 0;
			shellPath = /bin/sh;
			shellScript = "\"${PODS_ROOT}/Target Support Files/Pods-Chain/Pods-Chain-frameworks.sh\"\n";
			showEnvVarsInLog = 0;
		};
/* End PBXShellScriptBuildPhase section */

/* Begin PBXSourcesBuildPhase section */
		FA7E3663238DB12A00488000 /* Sources */ = {
			isa = PBXSourcesBuildPhase;
			buildActionMask = 2147483647;
			files = (
				68F92F27238F820E000F05AA /* GeoFirestoreExtensions.swift in Sources */,
				FA7E36A4238DBB7600488000 /* enums.swift in Sources */,
				FA9C5B4123C553C500F1B41A /* DecodableObject.swift in Sources */,
				FA63C87D238DE92B00B30312 /* PostChain.swift in Sources */,
				686B15A423D8E58000FB31DC /* CurrentUserProfileViewController.swift in Sources */,
				FA63C884238DF4D800B30312 /* ChainUser.swift in Sources */,
				FA6D48412425A94F00EEC8E8 /* UserHeaderView.swift in Sources */,
				FA9C5BC823C648A000F1B41A /* ChainViewHelpers.swift in Sources */,
				686B15B623DB846A00FB31DC /* FriendTableViewCell.swift in Sources */,
				FA9C5B4923C553C500F1B41A /* LoadingView.swift in Sources */,
				FA7E366F238DB12A00488000 /* ChainViewController.swift in Sources */,
				68813EDC23E0B8100057F7AA /* SearchFunction.swift in Sources */,
				68BDBD3A241ACE3700613A93 /* UIViewExtensions.swift in Sources */,
				FA7E36AA238DCD3B00488000 /* SignInViewController.swift in Sources */,
				FA7E366B238DB12A00488000 /* AppDelegate.swift in Sources */,
				FA7E36BB238DDDB100488000 /* SceneDelegate.swift in Sources */,
				68293A8323F30C1500A0D754 /* ChainCache.swift in Sources */,
				FA63C886238E07A400B30312 /* MainTableView.swift in Sources */,
				FAAF0A3823C1911800838B0E /* ExploreViewController.swift in Sources */,
				FA63C87F238DEF1D00B30312 /* ChainFireStore.swift in Sources */,
				68F92F29238F82F2000F05AA /* CLLocationManagerExtensions.swift in Sources */,
				FA867FDF23CEC4D100B638F8 /* ChainBreakLoader.swift in Sources */,
				FAAF0A3E23C1960600838B0E /* ExplorePageCollectionView.swift in Sources */,
				68CE9B8C2391002E00E8483D /* Invite.swift in Sources */,
				68BDBD41242422AD00613A93 /* UserMenuSupportingFunctions.swift in Sources */,
				FA06BC6A23CF9411002055AD /* CameraViewPhotos.swift in Sources */,
				FA9C5B4D23C5547B00F1B41A /* NewChainViewController.swift in Sources */,
				68BDBD3E242094BE00613A93 /* SearchUsersViewController.swift in Sources */,
				FA9C5B4223C553C500F1B41A /* ChristiansLibrary.swift in Sources */,
				68D18EA0242D845B00C6244A /* GlobalChainsCollectionViewCell.swift in Sources */,
				FA9C5B5123C554B900F1B41A /* PanGestureExtensions.swift in Sources */,
				6878BBA423C7957200C75B2E /* UserMenuCell.swift in Sources */,
				FA63C87E238DEF1800B30312 /* ChainImage.swift in Sources */,
				FA9C5B4423C553C500F1B41A /* ChristiansFirebase.swift in Sources */,
				6892BD6B23D3AB120021A3E2 /* AdditionalInfoViewController.swift in Sources */,
				689E93D123DE125300EED90F /* InvitesViewController.swift in Sources */,
				FA9C5B4823C553C500F1B41A /* GlobalAttributes.swift in Sources */,
				FA7E36B0238DCD5C00488000 /* SignUpViewController.swift in Sources */,
				FAAF0A3A23C1913200838B0E /* ExplorePageCell.swift in Sources */,
				FA7E36B6238DD20400488000 /* CameraViewController.swift in Sources */,
				6848594423D62FC700AFEB7C /* ChainFriend.swift in Sources */,
				FA6D484F2427F96500EEC8E8 /* ChainProfileCollectionView.swift in Sources */,
				686B15A823D8EB6500FB31DC /* EditProfileViewController.swift in Sources */,
				FA9C5B4723C553C500F1B41A /* MemoryHelp.swift in Sources */,
				FA6D48512427FCF600EEC8E8 /* ChainCollectionViewCell.swift in Sources */,
				6892BD5B23CFB18F0021A3E2 /* ChainsCollectionViewCell.swift in Sources */,
				FA9C5B4E23C5547B00F1B41A /* NewChainAnimators.swift in Sources */,
				FA6D484D2427F88A00EEC8E8 /* ChainProfileViewController.swift in Sources */,
				FA9C5B4523C553C500F1B41A /* EmptyTableView.swift in Sources */,
				FAAF0A3C23C192DC00838B0E /* ExplorePageFireFuncs.swift in Sources */,
				FA6D48432425C6F100EEC8E8 /* ExploreHeaderReusableView.swift in Sources */,
				6892BD6223D23AF30021A3E2 /* VerifyNumberViewController.swift in Sources */,
				FA63C888238E084200B30312 /* MainCell.swift in Sources */,
				FA7E36B9238DD55800488000 /* FirstViewController.swift in Sources */,
				FAAF0A4023C198D400838B0E /* DateExtensions.swift in Sources */,
				6892BD5723CFAC850021A3E2 /* ProfileViewController.swift in Sources */,
				FA63C882238DF4CB00B30312 /* ChainAuth.swift in Sources */,
				689E93D523DE136B00EED90F /* InviteTableViewCell.swift in Sources */,
				FA9C5B4323C553C500F1B41A /* BeautifulLoadScreen.swift in Sources */,
				6878BBA623C8FD5200C75B2E /* UserMenuTableViewController.swift in Sources */,
				686B15AE23DB75D500FB31DC /* FriendsViewController.swift in Sources */,
				FA9C5B4623C553C500F1B41A /* CustomSpinner.swift in Sources */,
				6848594823D65C4200AFEB7C /* ChangePasswordViewController.swift in Sources */,
				FA6D484A2427E6D400EEC8E8 /* DoubleCollectionViewCell.swift in Sources */,
			);
			runOnlyForDeploymentPostprocessing = 0;
		};
/* End PBXSourcesBuildPhase section */

/* Begin PBXVariantGroup section */
		FA7E3670238DB12A00488000 /* Main.storyboard */ = {
			isa = PBXVariantGroup;
			children = (
				FA7E3671238DB12A00488000 /* Base */,
			);
			name = Main.storyboard;
			sourceTree = "<group>";
		};
		FA7E3675238DB12C00488000 /* LaunchScreen.storyboard */ = {
			isa = PBXVariantGroup;
			children = (
				FA7E3676238DB12C00488000 /* Base */,
			);
			name = LaunchScreen.storyboard;
			sourceTree = "<group>";
		};
/* End PBXVariantGroup section */

/* Begin XCBuildConfiguration section */
		FA7E3679238DB12C00488000 /* Debug */ = {
			isa = XCBuildConfiguration;
			buildSettings = {
				ALWAYS_SEARCH_USER_PATHS = NO;
				CLANG_ANALYZER_NONNULL = YES;
				CLANG_ANALYZER_NUMBER_OBJECT_CONVERSION = YES_AGGRESSIVE;
				CLANG_CXX_LANGUAGE_STANDARD = "gnu++14";
				CLANG_CXX_LIBRARY = "libc++";
				CLANG_ENABLE_MODULES = YES;
				CLANG_ENABLE_OBJC_ARC = YES;
				CLANG_ENABLE_OBJC_WEAK = YES;
				CLANG_WARN_BLOCK_CAPTURE_AUTORELEASING = YES;
				CLANG_WARN_BOOL_CONVERSION = YES;
				CLANG_WARN_COMMA = YES;
				CLANG_WARN_CONSTANT_CONVERSION = YES;
				CLANG_WARN_DEPRECATED_OBJC_IMPLEMENTATIONS = YES;
				CLANG_WARN_DIRECT_OBJC_ISA_USAGE = YES_ERROR;
				CLANG_WARN_DOCUMENTATION_COMMENTS = YES;
				CLANG_WARN_EMPTY_BODY = YES;
				CLANG_WARN_ENUM_CONVERSION = YES;
				CLANG_WARN_INFINITE_RECURSION = YES;
				CLANG_WARN_INT_CONVERSION = YES;
				CLANG_WARN_NON_LITERAL_NULL_CONVERSION = YES;
				CLANG_WARN_OBJC_IMPLICIT_RETAIN_SELF = YES;
				CLANG_WARN_OBJC_LITERAL_CONVERSION = YES;
				CLANG_WARN_OBJC_ROOT_CLASS = YES_ERROR;
				CLANG_WARN_RANGE_LOOP_ANALYSIS = YES;
				CLANG_WARN_STRICT_PROTOTYPES = YES;
				CLANG_WARN_SUSPICIOUS_MOVE = YES;
				CLANG_WARN_UNGUARDED_AVAILABILITY = YES_AGGRESSIVE;
				CLANG_WARN_UNREACHABLE_CODE = YES;
				CLANG_WARN__DUPLICATE_METHOD_MATCH = YES;
				COPY_PHASE_STRIP = NO;
				DEBUG_INFORMATION_FORMAT = dwarf;
				ENABLE_STRICT_OBJC_MSGSEND = YES;
				ENABLE_TESTABILITY = YES;
				GCC_C_LANGUAGE_STANDARD = gnu11;
				GCC_DYNAMIC_NO_PIC = NO;
				GCC_NO_COMMON_BLOCKS = YES;
				GCC_OPTIMIZATION_LEVEL = 0;
				GCC_PREPROCESSOR_DEFINITIONS = (
					"DEBUG=1",
					"$(inherited)",
				);
				GCC_WARN_64_TO_32_BIT_CONVERSION = YES;
				GCC_WARN_ABOUT_RETURN_TYPE = YES_ERROR;
				GCC_WARN_UNDECLARED_SELECTOR = YES;
				GCC_WARN_UNINITIALIZED_AUTOS = YES_AGGRESSIVE;
				GCC_WARN_UNUSED_FUNCTION = YES;
				GCC_WARN_UNUSED_VARIABLE = YES;
				IPHONEOS_DEPLOYMENT_TARGET = 13.2;
				MTL_ENABLE_DEBUG_INFO = INCLUDE_SOURCE;
				MTL_FAST_MATH = YES;
				ONLY_ACTIVE_ARCH = YES;
				SDKROOT = iphoneos;
				SWIFT_ACTIVE_COMPILATION_CONDITIONS = DEBUG;
				SWIFT_OPTIMIZATION_LEVEL = "-Onone";
			};
			name = Debug;
		};
		FA7E367A238DB12C00488000 /* Release */ = {
			isa = XCBuildConfiguration;
			buildSettings = {
				ALWAYS_SEARCH_USER_PATHS = NO;
				CLANG_ANALYZER_NONNULL = YES;
				CLANG_ANALYZER_NUMBER_OBJECT_CONVERSION = YES_AGGRESSIVE;
				CLANG_CXX_LANGUAGE_STANDARD = "gnu++14";
				CLANG_CXX_LIBRARY = "libc++";
				CLANG_ENABLE_MODULES = YES;
				CLANG_ENABLE_OBJC_ARC = YES;
				CLANG_ENABLE_OBJC_WEAK = YES;
				CLANG_WARN_BLOCK_CAPTURE_AUTORELEASING = YES;
				CLANG_WARN_BOOL_CONVERSION = YES;
				CLANG_WARN_COMMA = YES;
				CLANG_WARN_CONSTANT_CONVERSION = YES;
				CLANG_WARN_DEPRECATED_OBJC_IMPLEMENTATIONS = YES;
				CLANG_WARN_DIRECT_OBJC_ISA_USAGE = YES_ERROR;
				CLANG_WARN_DOCUMENTATION_COMMENTS = YES;
				CLANG_WARN_EMPTY_BODY = YES;
				CLANG_WARN_ENUM_CONVERSION = YES;
				CLANG_WARN_INFINITE_RECURSION = YES;
				CLANG_WARN_INT_CONVERSION = YES;
				CLANG_WARN_NON_LITERAL_NULL_CONVERSION = YES;
				CLANG_WARN_OBJC_IMPLICIT_RETAIN_SELF = YES;
				CLANG_WARN_OBJC_LITERAL_CONVERSION = YES;
				CLANG_WARN_OBJC_ROOT_CLASS = YES_ERROR;
				CLANG_WARN_RANGE_LOOP_ANALYSIS = YES;
				CLANG_WARN_STRICT_PROTOTYPES = YES;
				CLANG_WARN_SUSPICIOUS_MOVE = YES;
				CLANG_WARN_UNGUARDED_AVAILABILITY = YES_AGGRESSIVE;
				CLANG_WARN_UNREACHABLE_CODE = YES;
				CLANG_WARN__DUPLICATE_METHOD_MATCH = YES;
				COPY_PHASE_STRIP = NO;
				DEBUG_INFORMATION_FORMAT = "dwarf-with-dsym";
				ENABLE_NS_ASSERTIONS = NO;
				ENABLE_STRICT_OBJC_MSGSEND = YES;
				GCC_C_LANGUAGE_STANDARD = gnu11;
				GCC_NO_COMMON_BLOCKS = YES;
				GCC_WARN_64_TO_32_BIT_CONVERSION = YES;
				GCC_WARN_ABOUT_RETURN_TYPE = YES_ERROR;
				GCC_WARN_UNDECLARED_SELECTOR = YES;
				GCC_WARN_UNINITIALIZED_AUTOS = YES_AGGRESSIVE;
				GCC_WARN_UNUSED_FUNCTION = YES;
				GCC_WARN_UNUSED_VARIABLE = YES;
				IPHONEOS_DEPLOYMENT_TARGET = 13.2;
				MTL_ENABLE_DEBUG_INFO = NO;
				MTL_FAST_MATH = YES;
				SDKROOT = iphoneos;
				SWIFT_COMPILATION_MODE = wholemodule;
				SWIFT_OPTIMIZATION_LEVEL = "-O";
				VALIDATE_PRODUCT = YES;
			};
			name = Release;
		};
		FA7E367C238DB12C00488000 /* Debug */ = {
			isa = XCBuildConfiguration;
			baseConfigurationReference = 2C5C4C2DF714C599B79C18A3 /* Pods-Chain.debug.xcconfig */;
			buildSettings = {
				ASSETCATALOG_COMPILER_APPICON_NAME = AppIcon;
				CODE_SIGN_ENTITLEMENTS = Chain/Chain.entitlements;
				CODE_SIGN_IDENTITY = "Apple Development";
				CODE_SIGN_STYLE = Automatic;
				DEVELOPMENT_TEAM = 2PT4RQSY99;
				INFOPLIST_FILE = Chain/Info.plist;
				IPHONEOS_DEPLOYMENT_TARGET = 11.0;
				LD_RUNPATH_SEARCH_PATHS = (
					"$(inherited)",
					"@executable_path/Frameworks",
				);
				PRODUCT_BUNDLE_IDENTIFIER = com.DripMobile.chain2;
				PRODUCT_NAME = "$(TARGET_NAME)";
				PROVISIONING_PROFILE_SPECIFIER = "";
				SWIFT_VERSION = 5.0;
				TARGETED_DEVICE_FAMILY = 1;
			};
			name = Debug;
		};
		FA7E367D238DB12C00488000 /* Release */ = {
			isa = XCBuildConfiguration;
			baseConfigurationReference = D59994062205F2EA3D50386E /* Pods-Chain.release.xcconfig */;
			buildSettings = {
				ASSETCATALOG_COMPILER_APPICON_NAME = AppIcon;
				CODE_SIGN_ENTITLEMENTS = Chain/Chain.entitlements;
				CODE_SIGN_STYLE = Automatic;
				DEVELOPMENT_TEAM = 2PT4RQSY99;
				INFOPLIST_FILE = Chain/Info.plist;
				IPHONEOS_DEPLOYMENT_TARGET = 11.0;
				LD_RUNPATH_SEARCH_PATHS = (
					"$(inherited)",
					"@executable_path/Frameworks",
				);
				PRODUCT_BUNDLE_IDENTIFIER = com.DripMobile.chain2;
				PRODUCT_NAME = "$(TARGET_NAME)";
				SWIFT_VERSION = 5.0;
				TARGETED_DEVICE_FAMILY = 1;
			};
			name = Release;
		};
/* End XCBuildConfiguration section */

/* Begin XCConfigurationList section */
		FA7E3662238DB12A00488000 /* Build configuration list for PBXProject "Chain" */ = {
			isa = XCConfigurationList;
			buildConfigurations = (
				FA7E3679238DB12C00488000 /* Debug */,
				FA7E367A238DB12C00488000 /* Release */,
			);
			defaultConfigurationIsVisible = 0;
			defaultConfigurationName = Release;
		};
		FA7E367B238DB12C00488000 /* Build configuration list for PBXNativeTarget "Chain" */ = {
			isa = XCConfigurationList;
			buildConfigurations = (
				FA7E367C238DB12C00488000 /* Debug */,
				FA7E367D238DB12C00488000 /* Release */,
			);
			defaultConfigurationIsVisible = 0;
			defaultConfigurationName = Release;
		};
/* End XCConfigurationList section */
	};
	rootObject = FA7E365F238DB12A00488000 /* Project object */;
}
